// !$*UTF8*$!
{
	archiveVersion = 1;
	classes = {
	};
	objectVersion = 46;
	objects = {

/* Begin PBXBuildFile section */
		BEAEAD5D1D6B7AF2005B8E56 /* AppDelegate.swift in Sources */ = {isa = PBXBuildFile; fileRef = BEAEAD5C1D6B7AF2005B8E56 /* AppDelegate.swift */; };
		BEAEAD5F1D6B7AF2005B8E56 /* ViewController.swift in Sources */ = {isa = PBXBuildFile; fileRef = BEAEAD5E1D6B7AF2005B8E56 /* ViewController.swift */; };
		BEAEAD621D6B7AF2005B8E56 /* Main.storyboard in Resources */ = {isa = PBXBuildFile; fileRef = BEAEAD601D6B7AF2005B8E56 /* Main.storyboard */; };
		BEAEAD641D6B7AF2005B8E56 /* Assets.xcassets in Resources */ = {isa = PBXBuildFile; fileRef = BEAEAD631D6B7AF2005B8E56 /* Assets.xcassets */; };
		BEAEAD671D6B7AF2005B8E56 /* LaunchScreen.storyboard in Resources */ = {isa = PBXBuildFile; fileRef = BEAEAD651D6B7AF2005B8E56 /* LaunchScreen.storyboard */; };
		BEAEAD731D6B7BBF005B8E56 /* ClockFaceEmoji.swift in Sources */ = {isa = PBXBuildFile; fileRef = BEAEAD701D6B7BBF005B8E56 /* ClockFaceEmoji.swift */; };
		BEAEAD741D6B7BBF005B8E56 /* EmojiTimeFormatter.swift in Sources */ = {isa = PBXBuildFile; fileRef = BEAEAD711D6B7BBF005B8E56 /* EmojiTimeFormatter.swift */; };
/* End PBXBuildFile section */

/* Begin PBXFileReference section */
		BEAEAD591D6B7AF2005B8E56 /* EmojiClock.app */ = {isa = PBXFileReference; explicitFileType = wrapper.application; includeInIndex = 0; path = EmojiClock.app; sourceTree = BUILT_PRODUCTS_DIR; };
		BEAEAD5C1D6B7AF2005B8E56 /* AppDelegate.swift */ = {isa = PBXFileReference; lastKnownFileType = sourcecode.swift; path = AppDelegate.swift; sourceTree = "<group>"; };
		BEAEAD5E1D6B7AF2005B8E56 /* ViewController.swift */ = {isa = PBXFileReference; lastKnownFileType = sourcecode.swift; path = ViewController.swift; sourceTree = "<group>"; };
		BEAEAD611D6B7AF2005B8E56 /* Base */ = {isa = PBXFileReference; lastKnownFileType = file.storyboard; name = Base; path = Base.lproj/Main.storyboard; sourceTree = "<group>"; };
		BEAEAD631D6B7AF2005B8E56 /* Assets.xcassets */ = {isa = PBXFileReference; lastKnownFileType = folder.assetcatalog; path = Assets.xcassets; sourceTree = "<group>"; };
		BEAEAD661D6B7AF2005B8E56 /* Base */ = {isa = PBXFileReference; lastKnownFileType = file.storyboard; name = Base; path = Base.lproj/LaunchScreen.storyboard; sourceTree = "<group>"; };
		BEAEAD681D6B7AF2005B8E56 /* Info.plist */ = {isa = PBXFileReference; lastKnownFileType = text.plist.xml; path = Info.plist; sourceTree = "<group>"; };
		BEAEAD701D6B7BBF005B8E56 /* ClockFaceEmoji.swift */ = {isa = PBXFileReference; fileEncoding = 4; lastKnownFileType = sourcecode.swift; path = ClockFaceEmoji.swift; sourceTree = "<group>"; };
		BEAEAD711D6B7BBF005B8E56 /* EmojiTimeFormatter.swift */ = {isa = PBXFileReference; fileEncoding = 4; lastKnownFileType = sourcecode.swift; path = EmojiTimeFormatter.swift; sourceTree = "<group>"; };
/* End PBXFileReference section */

/* Begin PBXFrameworksBuildPhase section */
		BEAEAD561D6B7AF2005B8E56 /* Frameworks */ = {
			isa = PBXFrameworksBuildPhase;
			buildActionMask = 2147483647;
			files = (
			);
			runOnlyForDeploymentPostprocessing = 0;
		};
/* End PBXFrameworksBuildPhase section */

/* Begin PBXGroup section */
		BEAEAD501D6B7AF2005B8E56 = {
			isa = PBXGroup;
			children = (
				BEAEAD5B1D6B7AF2005B8E56 /* EmojiClock */,
				BEAEAD5A1D6B7AF2005B8E56 /* Products */,
			);
			sourceTree = "<group>";
		};
		BEAEAD5A1D6B7AF2005B8E56 /* Products */ = {
			isa = PBXGroup;
			children = (
				BEAEAD591D6B7AF2005B8E56 /* EmojiClock.app */,
			);
			name = Products;
			sourceTree = "<group>";
		};
		BEAEAD5B1D6B7AF2005B8E56 /* EmojiClock */ = {
			isa = PBXGroup;
			children = (
				BEAEAD5C1D6B7AF2005B8E56 /* AppDelegate.swift */,
				BEAEAD5E1D6B7AF2005B8E56 /* ViewController.swift */,
				BEAEAD6F1D6B7BBF005B8E56 /* Sources */,
				BEAEAD6E1D6B7BA8005B8E56 /* Supporting Files */,
			);
			path = EmojiClock;
			sourceTree = "<group>";
		};
		BEAEAD6E1D6B7BA8005B8E56 /* Supporting Files */ = {
			isa = PBXGroup;
			children = (
				BEAEAD601D6B7AF2005B8E56 /* Main.storyboard */,
				BEAEAD631D6B7AF2005B8E56 /* Assets.xcassets */,
				BEAEAD651D6B7AF2005B8E56 /* LaunchScreen.storyboard */,
				BEAEAD681D6B7AF2005B8E56 /* Info.plist */,
			);
			name = "Supporting Files";
			sourceTree = "<group>";
		};
		BEAEAD6F1D6B7BBF005B8E56 /* Sources */ = {
			isa = PBXGroup;
			children = (
				BEAEAD701D6B7BBF005B8E56 /* ClockFaceEmoji.swift */,
				BEAEAD711D6B7BBF005B8E56 /* EmojiTimeFormatter.swift */,
			);
			path = Sources;
			sourceTree = "<group>";
		};
/* End PBXGroup section */

/* Begin PBXNativeTarget section */
		BEAEAD581D6B7AF2005B8E56 /* EmojiClock */ = {
			isa = PBXNativeTarget;
			buildConfigurationList = BEAEAD6B1D6B7AF2005B8E56 /* Build configuration list for PBXNativeTarget "EmojiClock" */;
			buildPhases = (
				BEAEAD551D6B7AF2005B8E56 /* Sources */,
				BEAEAD561D6B7AF2005B8E56 /* Frameworks */,
				BEAEAD571D6B7AF2005B8E56 /* Resources */,
			);
			buildRules = (
			);
			dependencies = (
			);
			name = EmojiClock;
			productName = EmojiClock;
			productReference = BEAEAD591D6B7AF2005B8E56 /* EmojiClock.app */;
			productType = "com.apple.product-type.application";
		};
/* End PBXNativeTarget section */

/* Begin PBXProject section */
		BEAEAD511D6B7AF2005B8E56 /* Project object */ = {
			isa = PBXProject;
			attributes = {
				LastSwiftUpdateCheck = 0800;
				LastUpgradeCheck = 0800;
				ORGANIZATIONNAME = "Thomas Paul Mann";
				TargetAttributes = {
					BEAEAD581D6B7AF2005B8E56 = {
						CreatedOnToolsVersion = 8.0;
						DevelopmentTeam = E6HN743D3A;
						ProvisioningStyle = Automatic;
					};
				};
			};
			buildConfigurationList = BEAEAD541D6B7AF2005B8E56 /* Build configuration list for PBXProject "EmojiClock" */;
			compatibilityVersion = "Xcode 3.2";
			developmentRegion = English;
			hasScannedForEncodings = 0;
			knownRegions = (
				en,
				Base,
			);
			mainGroup = BEAEAD501D6B7AF2005B8E56;
			productRefGroup = BEAEAD5A1D6B7AF2005B8E56 /* Products */;
			projectDirPath = "";
			projectRoot = "";
			targets = (
				BEAEAD581D6B7AF2005B8E56 /* EmojiClock */,
			);
		};
/* End PBXProject section */

/* Begin PBXResourcesBuildPhase section */
		BEAEAD571D6B7AF2005B8E56 /* Resources */ = {
			isa = PBXResourcesBuildPhase;
			buildActionMask = 2147483647;
			files = (
				BEAEAD671D6B7AF2005B8E56 /* LaunchScreen.storyboard in Resources */,
				BEAEAD641D6B7AF2005B8E56 /* Assets.xcassets in Resources */,
				BEAEAD621D6B7AF2005B8E56 /* Main.storyboard in Resources */,
			);
			runOnlyForDeploymentPostprocessing = 0;
		};
/* End PBXResourcesBuildPhase section */

/* Begin PBXSourcesBuildPhase section */
		BEAEAD551D6B7AF2005B8E56 /* Sources */ = {
			isa = PBXSourcesBuildPhase;
			buildActionMask = 2147483647;
			files = (
				BEAEAD731D6B7BBF005B8E56 /* ClockFaceEmoji.swift in Sources */,
				BEAEAD5F1D6B7AF2005B8E56 /* ViewController.swift in Sources */,
				BEAEAD741D6B7BBF005B8E56 /* EmojiTimeFormatter.swift in Sources */,
				BEAEAD5D1D6B7AF2005B8E56 /* AppDelegate.swift in Sources */,
			);
			runOnlyForDeploymentPostprocessing = 0;
		};
/* End PBXSourcesBuildPhase section */

/* Begin PBXVariantGroup section */
		BEAEAD601D6B7AF2005B8E56 /* Main.storyboard */ = {
			isa = PBXVariantGroup;
			children = (
				BEAEAD611D6B7AF2005B8E56 /* Base */,
			);
			name = Main.storyboard;
			sourceTree = "<group>";
		};
		BEAEAD651D6B7AF2005B8E56 /* LaunchScreen.storyboard */ = {
			isa = PBXVariantGroup;
			children = (
				BEAEAD661D6B7AF2005B8E56 /* Base */,
			);
			name = LaunchScreen.storyboard;
			sourceTree = "<group>";
		};
/* End PBXVariantGroup section */

/* Begin XCBuildConfiguration section */
		BEAEAD691D6B7AF2005B8E56 /* Debug */ = {
			isa = XCBuildConfiguration;
			buildSettings = {
				ALWAYS_SEARCH_USER_PATHS = NO;
				CLANG_ANALYZER_NONNULL = YES;
				CLANG_CXX_LANGUAGE_STANDARD = "gnu++0x";
				CLANG_CXX_LIBRARY = "libc++";
				CLANG_ENABLE_MODULES = YES;
				CLANG_ENABLE_OBJC_ARC = YES;
				CLANG_WARN_BOOL_CONVERSION = YES;
				CLANG_WARN_CONSTANT_CONVERSION = YES;
				CLANG_WARN_DIRECT_OBJC_ISA_USAGE = YES_ERROR;
				CLANG_WARN_DOCUMENTATION_COMMENTS = YES;
				CLANG_WARN_EMPTY_BODY = YES;
				CLANG_WARN_ENUM_CONVERSION = YES;
				CLANG_WARN_INFINITE_RECURSION = YES;
				CLANG_WARN_INT_CONVERSION = YES;
				CLANG_WARN_OBJC_ROOT_CLASS = YES_ERROR;
				CLANG_WARN_SUSPICIOUS_MOVES = YES;
				CLANG_WARN_UNREACHABLE_CODE = YES;
				CLANG_WARN__DUPLICATE_METHOD_MATCH = YES;
				"CODE_SIGN_IDENTITY[sdk=iphoneos*]" = "iPhone Developer";
				COPY_PHASE_STRIP = NO;
				DEBUG_INFORMATION_FORMAT = dwarf;
				ENABLE_STRICT_OBJC_MSGSEND = YES;
				ENABLE_TESTABILITY = YES;
				GCC_C_LANGUAGE_STANDARD = gnu99;
				GCC_DYNAMIC_NO_PIC = NO;
				GCC_NO_COMMON_BLOCKS = YES;
				GCC_OPTIMIZATION_LEVEL = 0;
				GCC_PREPROCESSOR_DEFINITIONS = (
					"DEBUG=1",
					"$(inherited)",
				);
				GCC_WARN_64_TO_32_BIT_CONVERSION = YES;
				GCC_WARN_ABOUT_RETURN_TYPE = YES_ERROR;
				GCC_WARN_UNDECLARED_SELECTOR = YES;
				GCC_WARN_UNINITIALIZED_AUTOS = YES_AGGRESSIVE;
				GCC_WARN_UNUSED_FUNCTION = YES;
				GCC_WARN_UNUSED_VARIABLE = YES;
				IPHONEOS_DEPLOYMENT_TARGET = 10.0;
				MTL_ENABLE_DEBUG_INFO = YES;
				ONLY_ACTIVE_ARCH = YES;
				SDKROOT = iphoneos;
				SWIFT_ACTIVE_COMPILATION_CONDITIONS = DEBUG;
				SWIFT_OPTIMIZATION_LEVEL = "-Onone";
			};
			name = Debug;
		};
		BEAEAD6A1D6B7AF2005B8E56 /* Release */ = {
			isa = XCBuildConfiguration;
			buildSettings = {
				ALWAYS_SEARCH_USER_PATHS = NO;
				CLANG_ANALYZER_NONNULL = YES;
				CLANG_CXX_LANGUAGE_STANDARD = "gnu++0x";
				CLANG_CXX_LIBRARY = "libc++";
				CLANG_ENABLE_MODULES = YES;
				CLANG_ENABLE_OBJC_ARC = YES;
				CLANG_WARN_BOOL_CONVERSION = YES;
				CLANG_WARN_CONSTANT_CONVERSION = YES;
				CLANG_WARN_DIRECT_OBJC_ISA_USAGE = YES_ERROR;
				CLANG_WARN_DOCUMENTATION_COMMENTS = YES;
				CLANG_WARN_EMPTY_BODY = YES;
				CLANG_WARN_ENUM_CONVERSION = YES;
				CLANG_WARN_INFINITE_RECURSION = YES;
				CLANG_WARN_INT_CONVERSION = YES;
				CLANG_WARN_OBJC_ROOT_CLASS = YES_ERROR;
				CLANG_WARN_SUSPICIOUS_MOVES = YES;
				CLANG_WARN_UNREACHABLE_CODE = YES;
				CLANG_WARN__DUPLICATE_METHOD_MATCH = YES;
				"CODE_SIGN_IDENTITY[sdk=iphoneos*]" = "iPhone Developer";
				COPY_PHASE_STRIP = NO;
				DEBUG_INFORMATION_FORMAT = "dwarf-with-dsym";
				ENABLE_NS_ASSERTIONS = NO;
				ENABLE_STRICT_OBJC_MSGSEND = YES;
				GCC_C_LANGUAGE_STANDARD = gnu99;
				GCC_NO_COMMON_BLOCKS = YES;
				GCC_WARN_64_TO_32_BIT_CONVERSION = YES;
				GCC_WARN_ABOUT_RETURN_TYPE = YES_ERROR;
				GCC_WARN_UNDECLARED_SELECTOR = YES;
				GCC_WARN_UNINITIALIZED_AUTOS = YES_AGGRESSIVE;
				GCC_WARN_UNUSED_FUNCTION = YES;
				GCC_WARN_UNUSED_VARIABLE = YES;
				IPHONEOS_DEPLOYMENT_TARGET = 10.0;
				MTL_ENABLE_DEBUG_INFO = NO;
				SDKROOT = iphoneos;
				SWIFT_OPTIMIZATION_LEVEL = "-Owholemodule";
				VALIDATE_PRODUCT = YES;
			};
			name = Release;
		};
		BEAEAD6C1D6B7AF2005B8E56 /* Debug */ = {
			isa = XCBuildConfiguration;
			buildSettings = {
				ASSETCATALOG_COMPILER_APPICON_NAME = AppIcon;
				DEVELOPMENT_TEAM = E6HN743D3A;
				INFOPLIST_FILE = EmojiClock/Info.plist;
				LD_RUNPATH_SEARCH_PATHS = "$(inherited) @executable_path/Frameworks";
				PRODUCT_BUNDLE_IDENTIFIER = com.thomaspaulmann.EmojiClock;
				PRODUCT_NAME = "$(TARGET_NAME)";
				SWIFT_VERSION = 3.0;
			};
			name = Debug;
		};
		BEAEAD6D1D6B7AF2005B8E56 /* Release */ = {
			isa = XCBuildConfiguration;
			buildSettings = {
				ASSETCATALOG_COMPILER_APPICON_NAME = AppIcon;
				DEVELOPMENT_TEAM = E6HN743D3A;
				INFOPLIST_FILE = EmojiClock/Info.plist;
				LD_RUNPATH_SEARCH_PATHS = "$(inherited) @executable_path/Frameworks";
				PRODUCT_BUNDLE_IDENTIFIER = com.thomaspaulmann.EmojiClock;
				PRODUCT_NAME = "$(TARGET_NAME)";
				SWIFT_VERSION = 3.0;
			};
			name = Release;
		};
/* End XCBuildConfiguration section */

/* Begin XCConfigurationList section */
		BEAEAD541D6B7AF2005B8E56 /* Build configuration list for PBXProject "EmojiClock" */ = {
			isa = XCConfigurationList;
			buildConfigurations = (
				BEAEAD691D6B7AF2005B8E56 /* Debug */,
				BEAEAD6A1D6B7AF2005B8E56 /* Release */,
			);
			defaultConfigurationIsVisible = 0;
			defaultConfigurationName = Release;
		};
		BEAEAD6B1D6B7AF2005B8E56 /* Build configuration list for PBXNativeTarget "EmojiClock" */ = {
			isa = XCConfigurationList;
			buildConfigurations = (
				BEAEAD6C1D6B7AF2005B8E56 /* Debug */,
				BEAEAD6D1D6B7AF2005B8E56 /* Release */,
			);
			defaultConfigurationIsVisible = 0;
		};
/* End XCConfigurationList section */
	};
	rootObject = BEAEAD511D6B7AF2005B8E56 /* Project object */;
}
